
Microsoft Visual Studio Solution File, Format Version 12.00
# Visual Studio Version 16
VisualStudioVersion = 16.0.31005.135
MinimumVisualStudioVersion = 10.0.40219.1
Project("{FAE04EC0-301F-11D3-BF4B-00C04F79EFBC}") = "GameF", "GameF\GameF.csproj", "{E7B0EFE7-4A96-432D-A25B-7795E021EE55}"
EndProject
Project("{FAE04EC0-301F-11D3-BF4B-00C04F79EFBC}") = "GameFTests1", "GameFTests1\GameFTests1.csproj", "{882450C0-C881-4D80-B057-4BB0695664DA}"
EndProject
Project("{FAE04EC0-301F-11D3-BF4B-00C04F79EFBC}") = "WindowGameF", "WindowGameF\WindowGameF.csproj", "{C6CE4719-1240-432F-A592-CB23383DD8A1}"
EndProject
Global
	GlobalSection(SolutionConfigurationPlatforms) = preSolution
		Debug|Any CPU = Debug|Any CPU
		Release|Any CPU = Release|Any CPU
	EndGlobalSection
	GlobalSection(ProjectConfigurationPlatforms) = postSolution
		{E7B0EFE7-4A96-432D-A25B-7795E021EE55}.Debug|Any CPU.ActiveCfg = Debug|Any CPU
		{E7B0EFE7-4A96-432D-A25B-7795E021EE55}.Debug|Any CPU.Build.0 = Debug|Any CPU
		{E7B0EFE7-4A96-432D-A25B-7795E021EE55}.Release|Any CPU.ActiveCfg = Release|Any CPU
		{E7B0EFE7-4A96-432D-A25B-7795E021EE55}.Release|Any CPU.Build.0 = Release|Any CPU
		{882450C0-C881-4D80-B057-4BB0695664DA}.Debug|Any CPU.ActiveCfg = Debug|Any CPU
		{882450C0-C881-4D80-B057-4BB0695664DA}.Debug|Any CPU.Build.0 = Debug|Any CPU
		{882450C0-C881-4D80-B057-4BB0695664DA}.Release|Any CPU.ActiveCfg = Release|Any CPU
		{882450C0-C881-4D80-B057-4BB0695664DA}.Release|Any CPU.Build.0 = Release|Any CPU
		{C6CE4719-1240-432F-A592-CB23383DD8A1}.Debug|Any CPU.ActiveCfg = Debug|Any CPU
		{C6CE4719-1240-432F-A592-CB23383DD8A1}.Debug|Any CPU.Build.0 = Debug|Any CPU
		{C6CE4719-1240-432F-A592-CB23383DD8A1}.Release|Any CPU.ActiveCfg = Release|Any CPU
		{C6CE4719-1240-432F-A592-CB23383DD8A1}.Release|Any CPU.Build.0 = Release|Any CPU
	EndGlobalSection
	GlobalSection(SolutionProperties) = preSolution
		HideSolutionNode = FALSE
	EndGlobalSection
	GlobalSection(ExtensibilityGlobals) = postSolution
		SolutionGuid = {9579A0B5-B917-490D-A148-11696148B079}
	EndGlobalSection
EndGlobal
